// !$*UTF8*$!
{
	archiveVersion = 1;
	classes = {
	};
	objectVersion = 77;
	objects = {

/* Begin PBXBuildFile section */
		071A78402D3043A500525429 /* MapboxMaps in Frameworks */ = {isa = PBXBuildFile; productRef = 071A783F2D3043A500525429 /* MapboxMaps */; };
		078E9B512D4B0A2600C8FD8A /* .gitignore in Resources */ = {isa = PBXBuildFile; fileRef = 078E9B4A2D4B0A2600C8FD8A /* .gitignore */; };
		078E9B532D4B0A2600C8FD8A /* Config.xcconfig in Resources */ = {isa = PBXBuildFile; fileRef = 078E9B4C2D4B0A2600C8FD8A /* Config.xcconfig */; };
/* End PBXBuildFile section */

/* Begin PBXContainerItemProxy section */
		078D3B312D2F007800AB7D17 /* PBXContainerItemProxy */ = {
			isa = PBXContainerItemProxy;
			containerPortal = 078D3B182D2F007600AB7D17 /* Project object */;
			proxyType = 1;
			remoteGlobalIDString = 078D3B1F2D2F007600AB7D17;
			remoteInfo = maptivity;
		};
		078D3B3B2D2F007800AB7D17 /* PBXContainerItemProxy */ = {
			isa = PBXContainerItemProxy;
			containerPortal = 078D3B182D2F007600AB7D17 /* Project object */;
			proxyType = 1;
			remoteGlobalIDString = 078D3B1F2D2F007600AB7D17;
			remoteInfo = maptivity;
		};
/* End PBXContainerItemProxy section */

/* Begin PBXFileReference section */
		078D3B202D2F007600AB7D17 /* maptivity.app */ = {isa = PBXFileReference; explicitFileType = wrapper.application; includeInIndex = 0; path = maptivity.app; sourceTree = BUILT_PRODUCTS_DIR; };
		078D3B302D2F007800AB7D17 /* maptivityTests.xctest */ = {isa = PBXFileReference; explicitFileType = wrapper.cfbundle; includeInIndex = 0; path = maptivityTests.xctest; sourceTree = BUILT_PRODUCTS_DIR; };
		078D3B3A2D2F007800AB7D17 /* maptivityUITests.xctest */ = {isa = PBXFileReference; explicitFileType = wrapper.cfbundle; includeInIndex = 0; path = maptivityUITests.xctest; sourceTree = BUILT_PRODUCTS_DIR; };
		078E9B4A2D4B0A2600C8FD8A /* .gitignore */ = {isa = PBXFileReference; lastKnownFileType = text; path = .gitignore; sourceTree = "<group>"; };
		078E9B4C2D4B0A2600C8FD8A /* Config.xcconfig */ = {isa = PBXFileReference; lastKnownFileType = text.xcconfig; path = Config.xcconfig; sourceTree = "<group>"; };
/* End PBXFileReference section */

/* Begin PBXFileSystemSynchronizedBuildFileExceptionSet section */
		071A783C2D3041E100525429 /* Exceptions for "maptivity" folder in "maptivity" target */ = {
			isa = PBXFileSystemSynchronizedBuildFileExceptionSet;
			membershipExceptions = (
				Resources/Info.plist,
			);
			target = 078D3B1F2D2F007600AB7D17 /* maptivity */;
		};
/* End PBXFileSystemSynchronizedBuildFileExceptionSet section */

/* Begin PBXFileSystemSynchronizedRootGroup section */
		078D3B222D2F007600AB7D17 /* maptivity */ = {
			isa = PBXFileSystemSynchronizedRootGroup;
			exceptions = (
				071A783C2D3041E100525429 /* Exceptions for "maptivity" folder in "maptivity" target */,
			);
			path = maptivity;
			sourceTree = "<group>";
		};
		078D3B332D2F007800AB7D17 /* maptivityTests */ = {
			isa = PBXFileSystemSynchronizedRootGroup;
			path = maptivityTests;
			sourceTree = "<group>";
		};
		078D3B3D2D2F007800AB7D17 /* maptivityUITests */ = {
			isa = PBXFileSystemSynchronizedRootGroup;
			path = maptivityUITests;
			sourceTree = "<group>";
		};
/* End PBXFileSystemSynchronizedRootGroup section */

/* Begin PBXFrameworksBuildPhase section */
		078D3B1D2D2F007600AB7D17 /* Frameworks */ = {
			isa = PBXFrameworksBuildPhase;
			buildActionMask = 2147483647;
			files = (
				071A78402D3043A500525429 /* MapboxMaps in Frameworks */,
			);
			runOnlyForDeploymentPostprocessing = 0;
		};
		078D3B2D2D2F007800AB7D17 /* Frameworks */ = {
			isa = PBXFrameworksBuildPhase;
			buildActionMask = 2147483647;
			files = (
			);
			runOnlyForDeploymentPostprocessing = 0;
		};
		078D3B372D2F007800AB7D17 /* Frameworks */ = {
			isa = PBXFrameworksBuildPhase;
			buildActionMask = 2147483647;
			files = (
			);
			runOnlyForDeploymentPostprocessing = 0;
		};
/* End PBXFrameworksBuildPhase section */

/* Begin PBXGroup section */
		071A783E2D3043A500525429 /* Frameworks */ = {
			isa = PBXGroup;
			children = (
			);
			name = Frameworks;
			sourceTree = "<group>";
		};
		078D3B172D2F007600AB7D17 = {
			isa = PBXGroup;
			children = (
				078E9B4A2D4B0A2600C8FD8A /* .gitignore */,
				078E9B4C2D4B0A2600C8FD8A /* Config.xcconfig */,
				078D3B222D2F007600AB7D17 /* maptivity */,
				078D3B332D2F007800AB7D17 /* maptivityTests */,
				078D3B3D2D2F007800AB7D17 /* maptivityUITests */,
				071A783E2D3043A500525429 /* Frameworks */,
				078D3B212D2F007600AB7D17 /* Products */,
			);
			sourceTree = "<group>";
		};
		078D3B212D2F007600AB7D17 /* Products */ = {
			isa = PBXGroup;
			children = (
				078D3B202D2F007600AB7D17 /* maptivity.app */,
				078D3B302D2F007800AB7D17 /* maptivityTests.xctest */,
				078D3B3A2D2F007800AB7D17 /* maptivityUITests.xctest */,
			);
			name = Products;
			sourceTree = "<group>";
		};
/* End PBXGroup section */

/* Begin PBXNativeTarget section */
		078D3B1F2D2F007600AB7D17 /* maptivity */ = {
			isa = PBXNativeTarget;
			buildConfigurationList = 078D3B442D2F007800AB7D17 /* Build configuration list for PBXNativeTarget "maptivity" */;
			buildPhases = (
				078D3B1C2D2F007600AB7D17 /* Sources */,
				078D3B1D2D2F007600AB7D17 /* Frameworks */,
				078D3B1E2D2F007600AB7D17 /* Resources */,
			);
			buildRules = (
			);
			dependencies = (
			);
			fileSystemSynchronizedGroups = (
				078D3B222D2F007600AB7D17 /* maptivity */,
			);
			name = maptivity;
			packageProductDependencies = (
				071A783F2D3043A500525429 /* MapboxMaps */,
			);
			productName = maptivity;
			productReference = 078D3B202D2F007600AB7D17 /* maptivity.app */;
			productType = "com.apple.product-type.application";
		};
		078D3B2F2D2F007800AB7D17 /* maptivityTests */ = {
			isa = PBXNativeTarget;
			buildConfigurationList = 078D3B472D2F007800AB7D17 /* Build configuration list for PBXNativeTarget "maptivityTests" */;
			buildPhases = (
				078D3B2C2D2F007800AB7D17 /* Sources */,
				078D3B2D2D2F007800AB7D17 /* Frameworks */,
				078D3B2E2D2F007800AB7D17 /* Resources */,
			);
			buildRules = (
			);
			dependencies = (
				078D3B322D2F007800AB7D17 /* PBXTargetDependency */,
			);
			fileSystemSynchronizedGroups = (
				078D3B332D2F007800AB7D17 /* maptivityTests */,
			);
			name = maptivityTests;
			packageProductDependencies = (
			);
			productName = maptivityTests;
			productReference = 078D3B302D2F007800AB7D17 /* maptivityTests.xctest */;
			productType = "com.apple.product-type.bundle.unit-test";
		};
		078D3B392D2F007800AB7D17 /* maptivityUITests */ = {
			isa = PBXNativeTarget;
			buildConfigurationList = 078D3B4A2D2F007800AB7D17 /* Build configuration list for PBXNativeTarget "maptivityUITests" */;
			buildPhases = (
				078D3B362D2F007800AB7D17 /* Sources */,
				078D3B372D2F007800AB7D17 /* Frameworks */,
				078D3B382D2F007800AB7D17 /* Resources */,
			);
			buildRules = (
			);
			dependencies = (
				078D3B3C2D2F007800AB7D17 /* PBXTargetDependency */,
			);
			fileSystemSynchronizedGroups = (
				078D3B3D2D2F007800AB7D17 /* maptivityUITests */,
			);
			name = maptivityUITests;
			packageProductDependencies = (
			);
			productName = maptivityUITests;
			productReference = 078D3B3A2D2F007800AB7D17 /* maptivityUITests.xctest */;
			productType = "com.apple.product-type.bundle.ui-testing";
		};
/* End PBXNativeTarget section */

/* Begin PBXProject section */
		078D3B182D2F007600AB7D17 /* Project object */ = {
			isa = PBXProject;
			attributes = {
				BuildIndependentTargetsInParallel = 1;
				LastSwiftUpdateCheck = 1620;
				LastUpgradeCheck = 1620;
				TargetAttributes = {
					078D3B1F2D2F007600AB7D17 = {
						CreatedOnToolsVersion = 16.2;
					};
					078D3B2F2D2F007800AB7D17 = {
						CreatedOnToolsVersion = 16.2;
						TestTargetID = 078D3B1F2D2F007600AB7D17;
					};
					078D3B392D2F007800AB7D17 = {
						CreatedOnToolsVersion = 16.2;
						TestTargetID = 078D3B1F2D2F007600AB7D17;
					};
				};
			};
			buildConfigurationList = 078D3B1B2D2F007600AB7D17 /* Build configuration list for PBXProject "maptivity" */;
			developmentRegion = en;
			hasScannedForEncodings = 0;
			knownRegions = (
				en,
				Base,
			);
			mainGroup = 078D3B172D2F007600AB7D17;
			minimizedProjectReferenceProxies = 1;
			packageReferences = (
				071A783D2D3042D500525429 /* XCRemoteSwiftPackageReference "mapbox-maps-ios" */,
			);
			preferredProjectObjectVersion = 77;
			productRefGroup = 078D3B212D2F007600AB7D17 /* Products */;
			projectDirPath = "";
			projectRoot = "";
			targets = (
				078D3B1F2D2F007600AB7D17 /* maptivity */,
				078D3B2F2D2F007800AB7D17 /* maptivityTests */,
				078D3B392D2F007800AB7D17 /* maptivityUITests */,
			);
		};
/* End PBXProject section */

/* Begin PBXResourcesBuildPhase section */
		078D3B1E2D2F007600AB7D17 /* Resources */ = {
			isa = PBXResourcesBuildPhase;
			buildActionMask = 2147483647;
			files = (
				078E9B512D4B0A2600C8FD8A /* .gitignore in Resources */,
				078E9B532D4B0A2600C8FD8A /* Config.xcconfig in Resources */,
			);
			runOnlyForDeploymentPostprocessing = 0;
		};
		078D3B2E2D2F007800AB7D17 /* Resources */ = {
			isa = PBXResourcesBuildPhase;
			buildActionMask = 2147483647;
			files = (
			);
			runOnlyForDeploymentPostprocessing = 0;
		};
		078D3B382D2F007800AB7D17 /* Resources */ = {
			isa = PBXResourcesBuildPhase;
			buildActionMask = 2147483647;
			files = (
			);
			runOnlyForDeploymentPostprocessing = 0;
		};
/* End PBXResourcesBuildPhase section */

/* Begin PBXSourcesBuildPhase section */
		078D3B1C2D2F007600AB7D17 /* Sources */ = {
			isa = PBXSourcesBuildPhase;
			buildActionMask = 2147483647;
			files = (
			);
			runOnlyForDeploymentPostprocessing = 0;
		};
		078D3B2C2D2F007800AB7D17 /* Sources */ = {
			isa = PBXSourcesBuildPhase;
			buildActionMask = 2147483647;
			files = (
			);
			runOnlyForDeploymentPostprocessing = 0;
		};
		078D3B362D2F007800AB7D17 /* Sources */ = {
			isa = PBXSourcesBuildPhase;
			buildActionMask = 2147483647;
			files = (
			);
			runOnlyForDeploymentPostprocessing = 0;
		};
/* End PBXSourcesBuildPhase section */

/* Begin PBXTargetDependency section */
		078D3B322D2F007800AB7D17 /* PBXTargetDependency */ = {
			isa = PBXTargetDependency;
			target = 078D3B1F2D2F007600AB7D17 /* maptivity */;
			targetProxy = 078D3B312D2F007800AB7D17 /* PBXContainerItemProxy */;
		};
		078D3B3C2D2F007800AB7D17 /* PBXTargetDependency */ = {
			isa = PBXTargetDependency;
			target = 078D3B1F2D2F007600AB7D17 /* maptivity */;
			targetProxy = 078D3B3B2D2F007800AB7D17 /* PBXContainerItemProxy */;
		};
/* End PBXTargetDependency section */

/* Begin XCBuildConfiguration section */
		078D3B422D2F007800AB7D17 /* Debug */ = {
			isa = XCBuildConfiguration;
			buildSettings = {
				ALWAYS_SEARCH_USER_PATHS = NO;
				ASSETCATALOG_COMPILER_GENERATE_SWIFT_ASSET_SYMBOL_EXTENSIONS = YES;
				CLANG_ANALYZER_NONNULL = YES;
				CLANG_ANALYZER_NUMBER_OBJECT_CONVERSION = YES_AGGRESSIVE;
				CLANG_CXX_LANGUAGE_STANDARD = "gnu++20";
				CLANG_ENABLE_MODULES = YES;
				CLANG_ENABLE_OBJC_ARC = YES;
				CLANG_ENABLE_OBJC_WEAK = YES;
				CLANG_WARN_BLOCK_CAPTURE_AUTORELEASING = YES;
				CLANG_WARN_BOOL_CONVERSION = YES;
				CLANG_WARN_COMMA = YES;
				CLANG_WARN_CONSTANT_CONVERSION = YES;
				CLANG_WARN_DEPRECATED_OBJC_IMPLEMENTATIONS = YES;
				CLANG_WARN_DIRECT_OBJC_ISA_USAGE = YES_ERROR;
				CLANG_WARN_DOCUMENTATION_COMMENTS = YES;
				CLANG_WARN_EMPTY_BODY = YES;
				CLANG_WARN_ENUM_CONVERSION = YES;
				CLANG_WARN_INFINITE_RECURSION = YES;
				CLANG_WARN_INT_CONVERSION = YES;
				CLANG_WARN_NON_LITERAL_NULL_CONVERSION = YES;
				CLANG_WARN_OBJC_IMPLICIT_RETAIN_SELF = YES;
				CLANG_WARN_OBJC_LITERAL_CONVERSION = YES;
				CLANG_WARN_OBJC_ROOT_CLASS = YES_ERROR;
				CLANG_WARN_QUOTED_INCLUDE_IN_FRAMEWORK_HEADER = YES;
				CLANG_WARN_RANGE_LOOP_ANALYSIS = YES;
				CLANG_WARN_STRICT_PROTOTYPES = YES;
				CLANG_WARN_SUSPICIOUS_MOVE = YES;
				CLANG_WARN_UNGUARDED_AVAILABILITY = YES_AGGRESSIVE;
				CLANG_WARN_UNREACHABLE_CODE = YES;
				CLANG_WARN__DUPLICATE_METHOD_MATCH = YES;
				COPY_PHASE_STRIP = NO;
				DEBUG_INFORMATION_FORMAT = dwarf;
				ENABLE_STRICT_OBJC_MSGSEND = YES;
				ENABLE_TESTABILITY = YES;
				ENABLE_USER_SCRIPT_SANDBOXING = YES;
				GCC_C_LANGUAGE_STANDARD = gnu17;
				GCC_DYNAMIC_NO_PIC = NO;
				GCC_NO_COMMON_BLOCKS = YES;
				GCC_OPTIMIZATION_LEVEL = 0;
				GCC_PREPROCESSOR_DEFINITIONS = (
					"DEBUG=1",
					"$(inherited)",
				);
				GCC_WARN_64_TO_32_BIT_CONVERSION = YES;
				GCC_WARN_ABOUT_RETURN_TYPE = YES_ERROR;
				GCC_WARN_UNDECLARED_SELECTOR = YES;
				GCC_WARN_UNINITIALIZED_AUTOS = YES_AGGRESSIVE;
				GCC_WARN_UNUSED_FUNCTION = YES;
				GCC_WARN_UNUSED_VARIABLE = YES;
				IPHONEOS_DEPLOYMENT_TARGET = 18.2;
				LOCALIZATION_PREFERS_STRING_CATALOGS = YES;
				MTL_ENABLE_DEBUG_INFO = INCLUDE_SOURCE;
				MTL_FAST_MATH = YES;
				ONLY_ACTIVE_ARCH = YES;
				SDKROOT = iphoneos;
				SWIFT_ACTIVE_COMPILATION_CONDITIONS = "DEBUG $(inherited)";
				SWIFT_OPTIMIZATION_LEVEL = "-Onone";
			};
			name = Debug;
		};
		078D3B432D2F007800AB7D17 /* Release */ = {
			isa = XCBuildConfiguration;
			buildSettings = {
				ALWAYS_SEARCH_USER_PATHS = NO;
				ASSETCATALOG_COMPILER_GENERATE_SWIFT_ASSET_SYMBOL_EXTENSIONS = YES;
				CLANG_ANALYZER_NONNULL = YES;
				CLANG_ANALYZER_NUMBER_OBJECT_CONVERSION = YES_AGGRESSIVE;
				CLANG_CXX_LANGUAGE_STANDARD = "gnu++20";
				CLANG_ENABLE_MODULES = YES;
				CLANG_ENABLE_OBJC_ARC = YES;
				CLANG_ENABLE_OBJC_WEAK = YES;
				CLANG_WARN_BLOCK_CAPTURE_AUTORELEASING = YES;
				CLANG_WARN_BOOL_CONVERSION = YES;
				CLANG_WARN_COMMA = YES;
				CLANG_WARN_CONSTANT_CONVERSION = YES;
				CLANG_WARN_DEPRECATED_OBJC_IMPLEMENTATIONS = YES;
				CLANG_WARN_DIRECT_OBJC_ISA_USAGE = YES_ERROR;
				CLANG_WARN_DOCUMENTATION_COMMENTS = YES;
				CLANG_WARN_EMPTY_BODY = YES;
				CLANG_WARN_ENUM_CONVERSION = YES;
				CLANG_WARN_INFINITE_RECURSION = YES;
				CLANG_WARN_INT_CONVERSION = YES;
				CLANG_WARN_NON_LITERAL_NULL_CONVERSION = YES;
				CLANG_WARN_OBJC_IMPLICIT_RETAIN_SELF = YES;
				CLANG_WARN_OBJC_LITERAL_CONVERSION = YES;
				CLANG_WARN_OBJC_ROOT_CLASS = YES_ERROR;
				CLANG_WARN_QUOTED_INCLUDE_IN_FRAMEWORK_HEADER = YES;
				CLANG_WARN_RANGE_LOOP_ANALYSIS = YES;
				CLANG_WARN_STRICT_PROTOTYPES = YES;
				CLANG_WARN_SUSPICIOUS_MOVE = YES;
				CLANG_WARN_UNGUARDED_AVAILABILITY = YES_AGGRESSIVE;
				CLANG_WARN_UNREACHABLE_CODE = YES;
				CLANG_WARN__DUPLICATE_METHOD_MATCH = YES;
				COPY_PHASE_STRIP = NO;
				DEBUG_INFORMATION_FORMAT = "dwarf-with-dsym";
				ENABLE_NS_ASSERTIONS = NO;
				ENABLE_STRICT_OBJC_MSGSEND = YES;
				ENABLE_USER_SCRIPT_SANDBOXING = YES;
				GCC_C_LANGUAGE_STANDARD = gnu17;
				GCC_NO_COMMON_BLOCKS = YES;
				GCC_WARN_64_TO_32_BIT_CONVERSION = YES;
				GCC_WARN_ABOUT_RETURN_TYPE = YES_ERROR;
				GCC_WARN_UNDECLARED_SELECTOR = YES;
				GCC_WARN_UNINITIALIZED_AUTOS = YES_AGGRESSIVE;
				GCC_WARN_UNUSED_FUNCTION = YES;
				GCC_WARN_UNUSED_VARIABLE = YES;
				IPHONEOS_DEPLOYMENT_TARGET = 18.2;
				LOCALIZATION_PREFERS_STRING_CATALOGS = YES;
				MTL_ENABLE_DEBUG_INFO = NO;
				MTL_FAST_MATH = YES;
				SDKROOT = iphoneos;
				SWIFT_COMPILATION_MODE = wholemodule;
				VALIDATE_PRODUCT = YES;
			};
			name = Release;
		};
		078D3B452D2F007800AB7D17 /* Debug */ = {
			isa = XCBuildConfiguration;
			baseConfigurationReference = 078E9B4C2D4B0A2600C8FD8A /* Config.xcconfig */;
			buildSettings = {
				ASSETCATALOG_COMPILER_APPICON_NAME = AppIcon;
				ASSETCATALOG_COMPILER_GLOBAL_ACCENT_COLOR_NAME = AccentColor;
				CODE_SIGN_STYLE = Automatic;
				CURRENT_PROJECT_VERSION = 1;
				DEVELOPMENT_ASSET_PATHS = "\"maptivity/Preview Content\"";
				DEVELOPMENT_TEAM = KT3XW42XR6;
				ENABLE_PREVIEWS = YES;
				GENERATE_INFOPLIST_FILE = YES;
				INFOPLIST_FILE = maptivity/Resources/Info.plist;
				INFOPLIST_KEY_UIApplicationSceneManifest_Generation = YES;
				INFOPLIST_KEY_UIApplicationSupportsIndirectInputEvents = YES;
				INFOPLIST_KEY_UILaunchScreen_Generation = YES;
				INFOPLIST_KEY_UISupportedInterfaceOrientations_iPad = "UIInterfaceOrientationPortrait UIInterfaceOrientationPortraitUpsideDown UIInterfaceOrientationLandscapeLeft UIInterfaceOrientationLandscapeRight";
				INFOPLIST_KEY_UISupportedInterfaceOrientations_iPhone = "UIInterfaceOrientationPortrait UIInterfaceOrientationLandscapeLeft UIInterfaceOrientationLandscapeRight";
				LD_RUNPATH_SEARCH_PATHS = (
					"$(inherited)",
					"@executable_path/Frameworks",
				);
				MARKETING_VERSION = 1.0;
				PRODUCT_BUNDLE_IDENTIFIER = dev.ericbatiste.maptivity;
				PRODUCT_NAME = "$(TARGET_NAME)";
				SWIFT_EMIT_LOC_STRINGS = YES;
				SWIFT_VERSION = 5.0;
				TARGETED_DEVICE_FAMILY = "1,2";
			};
			name = Debug;
		};
		078D3B462D2F007800AB7D17 /* Release */ = {
			isa = XCBuildConfiguration;
			baseConfigurationReference = 078E9B4C2D4B0A2600C8FD8A /* Config.xcconfig */;
			buildSettings = {
				ASSETCATALOG_COMPILER_APPICON_NAME = AppIcon;
				ASSETCATALOG_COMPILER_GLOBAL_ACCENT_COLOR_NAME = AccentColor;
				CODE_SIGN_STYLE = Automatic;
				CURRENT_PROJECT_VERSION = 1;
				DEVELOPMENT_ASSET_PATHS = "\"maptivity/Preview Content\"";
				DEVELOPMENT_TEAM = KT3XW42XR6;
				ENABLE_PREVIEWS = YES;
				GENERATE_INFOPLIST_FILE = YES;
				INFOPLIST_FILE = maptivity/Resources/Info.plist;
				INFOPLIST_KEY_UIApplicationSceneManifest_Generation = YES;
				INFOPLIST_KEY_UIApplicationSupportsIndirectInputEvents = YES;
				INFOPLIST_KEY_UILaunchScreen_Generation = YES;
				INFOPLIST_KEY_UISupportedInterfaceOrientations_iPad = "UIInterfaceOrientationPortrait UIInterfaceOrientationPortraitUpsideDown UIInterfaceOrientationLandscapeLeft UIInterfaceOrientationLandscapeRight";
				INFOPLIST_KEY_UISupportedInterfaceOrientations_iPhone = "UIInterfaceOrientationPortrait UIInterfaceOrientationLandscapeLeft UIInterfaceOrientationLandscapeRight";
				LD_RUNPATH_SEARCH_PATHS = (
					"$(inherited)",
					"@executable_path/Frameworks",
				);
				MARKETING_VERSION = 1.0;
				PRODUCT_BUNDLE_IDENTIFIER = dev.ericbatiste.maptivity;
				PRODUCT_NAME = "$(TARGET_NAME)";
				SWIFT_EMIT_LOC_STRINGS = YES;
				SWIFT_VERSION = 5.0;
				TARGETED_DEVICE_FAMILY = "1,2";
			};
			name = Release;
		};
		078D3B482D2F007800AB7D17 /* Debug */ = {
			isa = XCBuildConfiguration;
			buildSettings = {
				BUNDLE_LOADER = "$(TEST_HOST)";
				CODE_SIGN_STYLE = Automatic;
				CURRENT_PROJECT_VERSION = 1;
				DEVELOPMENT_TEAM = KT3XW42XR6;
				GENERATE_INFOPLIST_FILE = YES;
				IPHONEOS_DEPLOYMENT_TARGET = 18.2;
				MARKETING_VERSION = 1.0;
				PRODUCT_BUNDLE_IDENTIFIER = dev.ericbatiste.maptivityTests;
				PRODUCT_NAME = "$(TARGET_NAME)";
				SWIFT_EMIT_LOC_STRINGS = NO;
				SWIFT_VERSION = 5.0;
				TARGETED_DEVICE_FAMILY = "1,2";
				TEST_HOST = "$(BUILT_PRODUCTS_DIR)/maptivity.app/$(BUNDLE_EXECUTABLE_FOLDER_PATH)/maptivity";
			};
			name = Debug;
		};
		078D3B492D2F007800AB7D17 /* Release */ = {
			isa = XCBuildConfiguration;
			buildSettings = {
				BUNDLE_LOADER = "$(TEST_HOST)";
				CODE_SIGN_STYLE = Automatic;
				CURRENT_PROJECT_VERSION = 1;
				DEVELOPMENT_TEAM = KT3XW42XR6;
				GENERATE_INFOPLIST_FILE = YES;
				IPHONEOS_DEPLOYMENT_TARGET = 18.2;
				MARKETING_VERSION = 1.0;
				PRODUCT_BUNDLE_IDENTIFIER = dev.ericbatiste.maptivityTests;
				PRODUCT_NAME = "$(TARGET_NAME)";
				SWIFT_EMIT_LOC_STRINGS = NO;
				SWIFT_VERSION = 5.0;
				TARGETED_DEVICE_FAMILY = "1,2";
				TEST_HOST = "$(BUILT_PRODUCTS_DIR)/maptivity.app/$(BUNDLE_EXECUTABLE_FOLDER_PATH)/maptivity";
			};
			name = Release;
		};
		078D3B4B2D2F007800AB7D17 /* Debug */ = {
			isa = XCBuildConfiguration;
			buildSettings = {
				CODE_SIGN_STYLE = Automatic;
				CURRENT_PROJECT_VERSION = 1;
				DEVELOPMENT_TEAM = KT3XW42XR6;
				GENERATE_INFOPLIST_FILE = YES;
				MARKETING_VERSION = 1.0;
				PRODUCT_BUNDLE_IDENTIFIER = dev.ericbatiste.maptivityUITests;
				PRODUCT_NAME = "$(TARGET_NAME)";
				SWIFT_EMIT_LOC_STRINGS = NO;
				SWIFT_VERSION = 5.0;
				TARGETED_DEVICE_FAMILY = "1,2";
				TEST_TARGET_NAME = maptivity;
			};
			name = Debug;
		};
		078D3B4C2D2F007800AB7D17 /* Release */ = {
			isa = XCBuildConfiguration;
			buildSettings = {
				CODE_SIGN_STYLE = Automatic;
				CURRENT_PROJECT_VERSION = 1;
				DEVELOPMENT_TEAM = KT3XW42XR6;
				GENERATE_INFOPLIST_FILE = YES;
				MARKETING_VERSION = 1.0;
				PRODUCT_BUNDLE_IDENTIFIER = dev.ericbatiste.maptivityUITests;
				PRODUCT_NAME = "$(TARGET_NAME)";
				SWIFT_EMIT_LOC_STRINGS = NO;
				SWIFT_VERSION = 5.0;
				TARGETED_DEVICE_FAMILY = "1,2";
				TEST_TARGET_NAME = maptivity;
			};
			name = Release;
		};
/* End XCBuildConfiguration section */

/* Begin XCConfigurationList section */
		078D3B1B2D2F007600AB7D17 /* Build configuration list for PBXProject "maptivity" */ = {
			isa = XCConfigurationList;
			buildConfigurations = (
				078D3B422D2F007800AB7D17 /* Debug */,
				078D3B432D2F007800AB7D17 /* Release */,
			);
			defaultConfigurationIsVisible = 0;
			defaultConfigurationName = Release;
		};
		078D3B442D2F007800AB7D17 /* Build configuration list for PBXNativeTarget "maptivity" */ = {
			isa = XCConfigurationList;
			buildConfigurations = (
				078D3B452D2F007800AB7D17 /* Debug */,
				078D3B462D2F007800AB7D17 /* Release */,
			);
			defaultConfigurationIsVisible = 0;
			defaultConfigurationName = Release;
		};
		078D3B472D2F007800AB7D17 /* Build configuration list for PBXNativeTarget "maptivityTests" */ = {
			isa = XCConfigurationList;
			buildConfigurations = (
				078D3B482D2F007800AB7D17 /* Debug */,
				078D3B492D2F007800AB7D17 /* Release */,
			);
			defaultConfigurationIsVisible = 0;
			defaultConfigurationName = Release;
		};
		078D3B4A2D2F007800AB7D17 /* Build configuration list for PBXNativeTarget "maptivityUITests" */ = {
			isa = XCConfigurationList;
			buildConfigurations = (
				078D3B4B2D2F007800AB7D17 /* Debug */,
				078D3B4C2D2F007800AB7D17 /* Release */,
			);
			defaultConfigurationIsVisible = 0;
			defaultConfigurationName = Release;
		};
/* End XCConfigurationList section */

/* Begin XCRemoteSwiftPackageReference section */
		071A783D2D3042D500525429 /* XCRemoteSwiftPackageReference "mapbox-maps-ios" */ = {
			isa = XCRemoteSwiftPackageReference;
			repositoryURL = "https://github.com/mapbox/mapbox-maps-ios.git";
			requirement = {
				kind = upToNextMajorVersion;
				minimumVersion = 11.0.0;
			};
		};
/* End XCRemoteSwiftPackageReference section */

/* Begin XCSwiftPackageProductDependency section */
		071A783F2D3043A500525429 /* MapboxMaps */ = {
			isa = XCSwiftPackageProductDependency;
			package = 071A783D2D3042D500525429 /* XCRemoteSwiftPackageReference "mapbox-maps-ios" */;
			productName = MapboxMaps;
		};
/* End XCSwiftPackageProductDependency section */
	};
	rootObject = 078D3B182D2F007600AB7D17 /* Project object */;
}
